
Microsoft Visual Studio Solution File, Format Version 12.00
# Visual Studio Version 17
VisualStudioVersion = 17.5.33516.290
MinimumVisualStudioVersion = 10.0.40219.1
Project("{9A19103F-16F7-4668-BE54-9A1E7A4F7556}") = "RpcAwsSQS", "src\RpcAwsSQS\RpcAwsSQS.csproj", "{75304AD6-4E53-4577-A1A5-33DCD5C8739C}"
EndProject
Project("{FAE04EC0-301F-11D3-BF4B-00C04F79EFBC}") = "RpcAwsSQS.Tests", "src\RpcAwsSQS.Tests\RpcAwsSQS.Tests.csproj", "{D28D8916-EC7C-4EA5-9EE7-93ADB35DC6B5}"
EndProject
Global
	GlobalSection(SolutionConfigurationPlatforms) = preSolution
		Debug|Any CPU = Debug|Any CPU
		Release|Any CPU = Release|Any CPU
	EndGlobalSection
	GlobalSection(ProjectConfigurationPlatforms) = postSolution
		{75304AD6-4E53-4577-A1A5-33DCD5C8739C}.Debug|Any CPU.ActiveCfg = Debug|Any CPU
		{75304AD6-4E53-4577-A1A5-33DCD5C8739C}.Debug|Any CPU.Build.0 = Debug|Any CPU
		{75304AD6-4E53-4577-A1A5-33DCD5C8739C}.Release|Any CPU.ActiveCfg = Release|Any CPU
		{75304AD6-4E53-4577-A1A5-33DCD5C8739C}.Release|Any CPU.Build.0 = Release|Any CPU
		{D28D8916-EC7C-4EA5-9EE7-93ADB35DC6B5}.Debug|Any CPU.ActiveCfg = Debug|Any CPU
		{D28D8916-EC7C-4EA5-9EE7-93ADB35DC6B5}.Debug|Any CPU.Build.0 = Debug|Any CPU
		{D28D8916-EC7C-4EA5-9EE7-93ADB35DC6B5}.Release|Any CPU.ActiveCfg = Release|Any CPU
		{D28D8916-EC7C-4EA5-9EE7-93ADB35DC6B5}.Release|Any CPU.Build.0 = Release|Any CPU
	EndGlobalSection
	GlobalSection(SolutionProperties) = preSolution
		HideSolutionNode = FALSE
	EndGlobalSection
	GlobalSection(ExtensibilityGlobals) = postSolution
		SolutionGuid = {ACAF88A9-4268-42D7-8EC7-60FAF76E70BB}
	EndGlobalSection
EndGlobal
